// !$*UTF8*$!
{
	archiveVersion = 1;
	classes = {
	};
	objectVersion = 46;
	objects = {

/* Begin PBXBuildFile section */
		CCCB0BDC175CC635007E5E10 /* UIKit.framework in Frameworks */ = {isa = PBXBuildFile; fileRef = CCCB0BDB175CC635007E5E10 /* UIKit.framework */; };
		CCCB0BDE175CC635007E5E10 /* Foundation.framework in Frameworks */ = {isa = PBXBuildFile; fileRef = CCCB0BDD175CC635007E5E10 /* Foundation.framework */; };
		CCCB0BE0175CC635007E5E10 /* CoreGraphics.framework in Frameworks */ = {isa = PBXBuildFile; fileRef = CCCB0BDF175CC635007E5E10 /* CoreGraphics.framework */; };
		CCCB0BE6175CC635007E5E10 /* InfoPlist.strings in Resources */ = {isa = PBXBuildFile; fileRef = CCCB0BE4175CC635007E5E10 /* InfoPlist.strings */; };
		CCCB0BE8175CC635007E5E10 /* main.m in Sources */ = {isa = PBXBuildFile; fileRef = CCCB0BE7175CC635007E5E10 /* main.m */; };
		CCCB0BEC175CC635007E5E10 /* hrtAppDelegate.m in Sources */ = {isa = PBXBuildFile; fileRef = CCCB0BEB175CC635007E5E10 /* hrtAppDelegate.m */; };
		CCCB0BEE175CC635007E5E10 /* Default.png in Resources */ = {isa = PBXBuildFile; fileRef = CCCB0BED175CC635007E5E10 /* Default.png */; };
		CCCB0BF0175CC635007E5E10 /* Default@2x.png in Resources */ = {isa = PBXBuildFile; fileRef = CCCB0BEF175CC635007E5E10 /* Default@2x.png */; };
		CCCB0BF2175CC635007E5E10 /* Default-568h@2x.png in Resources */ = {isa = PBXBuildFile; fileRef = CCCB0BF1175CC635007E5E10 /* Default-568h@2x.png */; };
		CCCB0BFB175CC635007E5E10 /* viewController.m in Sources */ = {isa = PBXBuildFile; fileRef = CCCB0BFA175CC635007E5E10 /* viewController.m */; };
		CCCB0BFD175CC635007E5E10 /* first.png in Resources */ = {isa = PBXBuildFile; fileRef = CCCB0BFC175CC635007E5E10 /* first.png */; };
		CCCB0BFF175CC635007E5E10 /* first@2x.png in Resources */ = {isa = PBXBuildFile; fileRef = CCCB0BFE175CC635007E5E10 /* first@2x.png */; };
		CCCB0C12175CC640007E5E10 /* IISideController.m in Sources */ = {isa = PBXBuildFile; fileRef = CCCB0C0D175CC640007E5E10 /* IISideController.m */; };
		CCCB0C13175CC640007E5E10 /* IIViewDeckController.m in Sources */ = {isa = PBXBuildFile; fileRef = CCCB0C0F175CC640007E5E10 /* IIViewDeckController.m */; };
		CCCB0C14175CC640007E5E10 /* IIWrapController.m in Sources */ = {isa = PBXBuildFile; fileRef = CCCB0C11175CC640007E5E10 /* IIWrapController.m */; };
		CCCB0C17175CC6E6007E5E10 /* QuartzCore.framework in Frameworks */ = {isa = PBXBuildFile; fileRef = CCCB0C16175CC6E6007E5E10 /* QuartzCore.framework */; };
		CCCB0C1A175CCA4D007E5E10 /* viewController.xib in Resources */ = {isa = PBXBuildFile; fileRef = CCCB0C19175CCA4D007E5E10 /* viewController.xib */; };
/* End PBXBuildFile section */

/* Begin PBXFileReference section */
		CCCB0BD8175CC635007E5E10 /* HRT.app */ = {isa = PBXFileReference; explicitFileType = wrapper.application; includeInIndex = 0; path = HRT.app; sourceTree = BUILT_PRODUCTS_DIR; };
		CCCB0BDB175CC635007E5E10 /* UIKit.framework */ = {isa = PBXFileReference; lastKnownFileType = wrapper.framework; name = UIKit.framework; path = System/Library/Frameworks/UIKit.framework; sourceTree = SDKROOT; };
		CCCB0BDD175CC635007E5E10 /* Foundation.framework */ = {isa = PBXFileReference; lastKnownFileType = wrapper.framework; name = Foundation.framework; path = System/Library/Frameworks/Foundation.framework; sourceTree = SDKROOT; };
		CCCB0BDF175CC635007E5E10 /* CoreGraphics.framework */ = {isa = PBXFileReference; lastKnownFileType = wrapper.framework; name = CoreGraphics.framework; path = System/Library/Frameworks/CoreGraphics.framework; sourceTree = SDKROOT; };
		CCCB0BE3175CC635007E5E10 /* HRT-Info.plist */ = {isa = PBXFileReference; lastKnownFileType = text.plist.xml; path = "HRT-Info.plist"; sourceTree = "<group>"; };
		CCCB0BE5175CC635007E5E10 /* en */ = {isa = PBXFileReference; lastKnownFileType = text.plist.strings; name = en; path = en.lproj/InfoPlist.strings; sourceTree = "<group>"; };
		CCCB0BE7175CC635007E5E10 /* main.m */ = {isa = PBXFileReference; lastKnownFileType = sourcecode.c.objc; path = main.m; sourceTree = "<group>"; };
		CCCB0BE9175CC635007E5E10 /* HRT-Prefix.pch */ = {isa = PBXFileReference; lastKnownFileType = sourcecode.c.h; path = "HRT-Prefix.pch"; sourceTree = "<group>"; };
		CCCB0BEA175CC635007E5E10 /* hrtAppDelegate.h */ = {isa = PBXFileReference; lastKnownFileType = sourcecode.c.h; path = hrtAppDelegate.h; sourceTree = "<group>"; };
		CCCB0BEB175CC635007E5E10 /* hrtAppDelegate.m */ = {isa = PBXFileReference; lastKnownFileType = sourcecode.c.objc; path = hrtAppDelegate.m; sourceTree = "<group>"; };
		CCCB0BED175CC635007E5E10 /* Default.png */ = {isa = PBXFileReference; lastKnownFileType = image.png; path = Default.png; sourceTree = "<group>"; };
		CCCB0BEF175CC635007E5E10 /* Default@2x.png */ = {isa = PBXFileReference; lastKnownFileType = image.png; path = "Default@2x.png"; sourceTree = "<group>"; };
		CCCB0BF1175CC635007E5E10 /* Default-568h@2x.png */ = {isa = PBXFileReference; lastKnownFileType = image.png; path = "Default-568h@2x.png"; sourceTree = "<group>"; };
		CCCB0BF9175CC635007E5E10 /* viewController.h */ = {isa = PBXFileReference; lastKnownFileType = sourcecode.c.h; path = viewController.h; sourceTree = "<group>"; };
		CCCB0BFA175CC635007E5E10 /* viewController.m */ = {isa = PBXFileReference; lastKnownFileType = sourcecode.c.objc; path = viewController.m; sourceTree = "<group>"; };
		CCCB0BFC175CC635007E5E10 /* first.png */ = {isa = PBXFileReference; lastKnownFileType = image.png; path = first.png; sourceTree = "<group>"; };
		CCCB0BFE175CC635007E5E10 /* first@2x.png */ = {isa = PBXFileReference; lastKnownFileType = image.png; path = "first@2x.png"; sourceTree = "<group>"; };
		CCCB0C0C175CC640007E5E10 /* IISideController.h */ = {isa = PBXFileReference; fileEncoding = 4; lastKnownFileType = sourcecode.c.h; path = IISideController.h; sourceTree = "<group>"; };
		CCCB0C0D175CC640007E5E10 /* IISideController.m */ = {isa = PBXFileReference; fileEncoding = 4; lastKnownFileType = sourcecode.c.objc; path = IISideController.m; sourceTree = "<group>"; };
		CCCB0C0E175CC640007E5E10 /* IIViewDeckController.h */ = {isa = PBXFileReference; fileEncoding = 4; lastKnownFileType = sourcecode.c.h; path = IIViewDeckController.h; sourceTree = "<group>"; };
		CCCB0C0F175CC640007E5E10 /* IIViewDeckController.m */ = {isa = PBXFileReference; fileEncoding = 4; lastKnownFileType = sourcecode.c.objc; path = IIViewDeckController.m; sourceTree = "<group>"; };
		CCCB0C10175CC640007E5E10 /* IIWrapController.h */ = {isa = PBXFileReference; fileEncoding = 4; lastKnownFileType = sourcecode.c.h; path = IIWrapController.h; sourceTree = "<group>"; };
		CCCB0C11175CC640007E5E10 /* IIWrapController.m */ = {isa = PBXFileReference; fileEncoding = 4; lastKnownFileType = sourcecode.c.objc; path = IIWrapController.m; sourceTree = "<group>"; };
		CCCB0C16175CC6E6007E5E10 /* QuartzCore.framework */ = {isa = PBXFileReference; lastKnownFileType = wrapper.framework; name = QuartzCore.framework; path = System/Library/Frameworks/QuartzCore.framework; sourceTree = SDKROOT; };
		CCCB0C19175CCA4D007E5E10 /* viewController.xib */ = {isa = PBXFileReference; fileEncoding = 4; lastKnownFileType = file.xib; path = viewController.xib; sourceTree = "<group>"; };
/* End PBXFileReference section */

/* Begin PBXFrameworksBuildPhase section */
		CCCB0BD5175CC635007E5E10 /* Frameworks */ = {
			isa = PBXFrameworksBuildPhase;
			buildActionMask = 2147483647;
			files = (
				CCCB0C17175CC6E6007E5E10 /* QuartzCore.framework in Frameworks */,
				CCCB0BDC175CC635007E5E10 /* UIKit.framework in Frameworks */,
				CCCB0BDE175CC635007E5E10 /* Foundation.framework in Frameworks */,
				CCCB0BE0175CC635007E5E10 /* CoreGraphics.framework in Frameworks */,
			);
			runOnlyForDeploymentPostprocessing = 0;
		};
/* End PBXFrameworksBuildPhase section */

/* Begin PBXGroup section */
		CCCB0BCF175CC635007E5E10 = {
			isa = PBXGroup;
			children = (
				CCCB0C18175CC787007E5E10 /* Vendor */,
				CCCB0BE1175CC635007E5E10 /* HRT */,
				CCCB0BDA175CC635007E5E10 /* Frameworks */,
				CCCB0BD9175CC635007E5E10 /* Products */,
			);
			sourceTree = "<group>";
		};
		CCCB0BD9175CC635007E5E10 /* Products */ = {
			isa = PBXGroup;
			children = (
				CCCB0BD8175CC635007E5E10 /* HRT.app */,
			);
			name = Products;
			sourceTree = "<group>";
		};
		CCCB0BDA175CC635007E5E10 /* Frameworks */ = {
			isa = PBXGroup;
			children = (
				CCCB0C16175CC6E6007E5E10 /* QuartzCore.framework */,
				CCCB0BDB175CC635007E5E10 /* UIKit.framework */,
				CCCB0BDD175CC635007E5E10 /* Foundation.framework */,
				CCCB0BDF175CC635007E5E10 /* CoreGraphics.framework */,
			);
			name = Frameworks;
			sourceTree = "<group>";
		};
		CCCB0BE1175CC635007E5E10 /* HRT */ = {
			isa = PBXGroup;
			children = (
				CCCB0BEA175CC635007E5E10 /* hrtAppDelegate.h */,
				CCCB0BEB175CC635007E5E10 /* hrtAppDelegate.m */,
				CCCB0BF9175CC635007E5E10 /* viewController.h */,
				CCCB0BFA175CC635007E5E10 /* viewController.m */,
				CCCB0BFC175CC635007E5E10 /* first.png */,
				CCCB0BFE175CC635007E5E10 /* first@2x.png */,
				CCCB0C19175CCA4D007E5E10 /* viewController.xib */,
				CCCB0BE2175CC635007E5E10 /* Supporting Files */,
			);
			path = HRT;
			sourceTree = "<group>";
		};
		CCCB0BE2175CC635007E5E10 /* Supporting Files */ = {
			isa = PBXGroup;
			children = (
				CCCB0BE3175CC635007E5E10 /* HRT-Info.plist */,
				CCCB0BE4175CC635007E5E10 /* InfoPlist.strings */,
				CCCB0BE7175CC635007E5E10 /* main.m */,
				CCCB0BE9175CC635007E5E10 /* HRT-Prefix.pch */,
				CCCB0BED175CC635007E5E10 /* Default.png */,
				CCCB0BEF175CC635007E5E10 /* Default@2x.png */,
				CCCB0BF1175CC635007E5E10 /* Default-568h@2x.png */,
			);
			name = "Supporting Files";
			sourceTree = "<group>";
		};
		CCCB0C15175CC646007E5E10 /* ViewDeck */ = {
			isa = PBXGroup;
			children = (
				CCCB0C0C175CC640007E5E10 /* IISideController.h */,
				CCCB0C0D175CC640007E5E10 /* IISideController.m */,
				CCCB0C0E175CC640007E5E10 /* IIViewDeckController.h */,
				CCCB0C0F175CC640007E5E10 /* IIViewDeckController.m */,
				CCCB0C10175CC640007E5E10 /* IIWrapController.h */,
				CCCB0C11175CC640007E5E10 /* IIWrapController.m */,
			);
			name = ViewDeck;
			sourceTree = "<group>";
		};
		CCCB0C18175CC787007E5E10 /* Vendor */ = {
			isa = PBXGroup;
			children = (
				CCCB0C15175CC646007E5E10 /* ViewDeck */,
			);
			name = Vendor;
			sourceTree = "<group>";
		};
/* End PBXGroup section */

/* Begin PBXNativeTarget section */
		CCCB0BD7175CC635007E5E10 /* HRT */ = {
			isa = PBXNativeTarget;
			buildConfigurationList = CCCB0C09175CC635007E5E10 /* Build configuration list for PBXNativeTarget "HRT" */;
			buildPhases = (
				CCCB0BD4175CC635007E5E10 /* Sources */,
				CCCB0BD5175CC635007E5E10 /* Frameworks */,
				CCCB0BD6175CC635007E5E10 /* Resources */,
			);
			buildRules = (
			);
			dependencies = (
			);
			name = HRT;
			productName = HRT;
			productReference = CCCB0BD8175CC635007E5E10 /* HRT.app */;
			productType = "com.apple.product-type.application";
		};
/* End PBXNativeTarget section */

/* Begin PBXProject section */
		CCCB0BD0175CC635007E5E10 /* Project object */ = {
			isa = PBXProject;
			attributes = {
				CLASSPREFIX = hrt;
				LastUpgradeCheck = 0460;
				ORGANIZATIONNAME = "Daniel Jenkins";
			};
			buildConfigurationList = CCCB0BD3175CC635007E5E10 /* Build configuration list for PBXProject "HRT" */;
			compatibilityVersion = "Xcode 3.2";
			developmentRegion = English;
			hasScannedForEncodings = 0;
			knownRegions = (
				en,
			);
			mainGroup = CCCB0BCF175CC635007E5E10;
			productRefGroup = CCCB0BD9175CC635007E5E10 /* Products */;
			projectDirPath = "";
			projectRoot = "";
			targets = (
				CCCB0BD7175CC635007E5E10 /* HRT */,
			);
		};
/* End PBXProject section */

/* Begin PBXResourcesBuildPhase section */
		CCCB0BD6175CC635007E5E10 /* Resources */ = {
			isa = PBXResourcesBuildPhase;
			buildActionMask = 2147483647;
			files = (
				CCCB0BE6175CC635007E5E10 /* InfoPlist.strings in Resources */,
				CCCB0BEE175CC635007E5E10 /* Default.png in Resources */,
				CCCB0BF0175CC635007E5E10 /* Default@2x.png in Resources */,
				CCCB0BF2175CC635007E5E10 /* Default-568h@2x.png in Resources */,
				CCCB0BFD175CC635007E5E10 /* first.png in Resources */,
				CCCB0BFF175CC635007E5E10 /* first@2x.png in Resources */,
				CCCB0C1A175CCA4D007E5E10 /* viewController.xib in Resources */,
			);
			runOnlyForDeploymentPostprocessing = 0;
		};
/* End PBXResourcesBuildPhase section */

/* Begin PBXSourcesBuildPhase section */
		CCCB0BD4175CC635007E5E10 /* Sources */ = {
			isa = PBXSourcesBuildPhase;
			buildActionMask = 2147483647;
			files = (
				CCCB0BE8175CC635007E5E10 /* main.m in Sources */,
				CCCB0BEC175CC635007E5E10 /* hrtAppDelegate.m in Sources */,
				CCCB0BFB175CC635007E5E10 /* viewController.m in Sources */,
				CCCB0C12175CC640007E5E10 /* IISideController.m in Sources */,
				CCCB0C13175CC640007E5E10 /* IIViewDeckController.m in Sources */,
				CCCB0C14175CC640007E5E10 /* IIWrapController.m in Sources */,
			);
			runOnlyForDeploymentPostprocessing = 0;
		};
/* End PBXSourcesBuildPhase section */

/* Begin PBXVariantGroup section */
		CCCB0BE4175CC635007E5E10 /* InfoPlist.strings */ = {
			isa = PBXVariantGroup;
			children = (
				CCCB0BE5175CC635007E5E10 /* en */,
			);
			name = InfoPlist.strings;
			sourceTree = "<group>";
		};
/* End PBXVariantGroup section */

/* Begin XCBuildConfiguration section */
		CCCB0C07175CC635007E5E10 /* Debug */ = {
			isa = XCBuildConfiguration;
			buildSettings = {
				ALWAYS_SEARCH_USER_PATHS = NO;
				CLANG_CXX_LANGUAGE_STANDARD = "gnu++0x";
				CLANG_CXX_LIBRARY = "libc++";
				CLANG_ENABLE_OBJC_ARC = YES;
				CLANG_WARN_CONSTANT_CONVERSION = YES;
				CLANG_WARN_EMPTY_BODY = YES;
				CLANG_WARN_ENUM_CONVERSION = YES;
				CLANG_WARN_INT_CONVERSION = YES;
				CLANG_WARN__DUPLICATE_METHOD_MATCH = YES;
				"CODE_SIGN_IDENTITY[sdk=iphoneos*]" = "iPhone Developer";
				COPY_PHASE_STRIP = NO;
				GCC_C_LANGUAGE_STANDARD = gnu99;
				GCC_DYNAMIC_NO_PIC = NO;
				GCC_OPTIMIZATION_LEVEL = 0;
				GCC_PREPROCESSOR_DEFINITIONS = (
					"DEBUG=1",
					"$(inherited)",
				);
				GCC_SYMBOLS_PRIVATE_EXTERN = NO;
				GCC_WARN_ABOUT_RETURN_TYPE = YES;
				GCC_WARN_UNINITIALIZED_AUTOS = YES;
				GCC_WARN_UNUSED_VARIABLE = YES;
				IPHONEOS_DEPLOYMENT_TARGET = 6.1;
				ONLY_ACTIVE_ARCH = YES;
				SDKROOT = iphoneos;
				TARGETED_DEVICE_FAMILY = "1,2";
			};
			name = Debug;
		};
		CCCB0C08175CC635007E5E10 /* Release */ = {
			isa = XCBuildConfiguration;
			buildSettings = {
				ALWAYS_SEARCH_USER_PATHS = NO;
				CLANG_CXX_LANGUAGE_STANDARD = "gnu++0x";
				CLANG_CXX_LIBRARY = "libc++";
				CLANG_ENABLE_OBJC_ARC = YES;
				CLANG_WARN_CONSTANT_CONVERSION = YES;
				CLANG_WARN_EMPTY_BODY = YES;
				CLANG_WARN_ENUM_CONVERSION = YES;
				CLANG_WARN_INT_CONVERSION = YES;
				CLANG_WARN__DUPLICATE_METHOD_MATCH = YES;
				"CODE_SIGN_IDENTITY[sdk=iphoneos*]" = "iPhone Developer";
				COPY_PHASE_STRIP = YES;
				GCC_C_LANGUAGE_STANDARD = gnu99;
				GCC_WARN_ABOUT_RETURN_TYPE = YES;
				GCC_WARN_UNINITIALIZED_AUTOS = YES;
				GCC_WARN_UNUSED_VARIABLE = YES;
				IPHONEOS_DEPLOYMENT_TARGET = 6.1;
				OTHER_CFLAGS = "-DNS_BLOCK_ASSERTIONS=1";
				SDKROOT = iphoneos;
				TARGETED_DEVICE_FAMILY = "1,2";
				VALIDATE_PRODUCT = YES;
			};
			name = Release;
		};
		CCCB0C0A175CC635007E5E10 /* Debug */ = {
			isa = XCBuildConfiguration;
			buildSettings = {
				GCC_PRECOMPILE_PREFIX_HEADER = YES;
				GCC_PREFIX_HEADER = "HRT/HRT-Prefix.pch";
				INFOPLIST_FILE = "HRT/HRT-Info.plist";
				PRODUCT_NAME = "$(TARGET_NAME)";
				WRAPPER_EXTENSION = app;
			};
			name = Debug;
		};
		CCCB0C0B175CC635007E5E10 /* Release */ = {
			isa = XCBuildConfiguration;
			buildSettings = {
				GCC_PRECOMPILE_PREFIX_HEADER = YES;
				GCC_PREFIX_HEADER = "HRT/HRT-Prefix.pch";
				INFOPLIST_FILE = "HRT/HRT-Info.plist";
				PRODUCT_NAME = "$(TARGET_NAME)";
				WRAPPER_EXTENSION = app;
			};
			name = Release;
		};
/* End XCBuildConfiguration section */

/* Begin XCConfigurationList section */
		CCCB0BD3175CC635007E5E10 /* Build configuration list for PBXProject "HRT" */ = {
			isa = XCConfigurationList;
			buildConfigurations = (
				CCCB0C07175CC635007E5E10 /* Debug */,
				CCCB0C08175CC635007E5E10 /* Release */,
			);
			defaultConfigurationIsVisible = 0;
			defaultConfigurationName = Release;
		};
		CCCB0C09175CC635007E5E10 /* Build configuration list for PBXNativeTarget "HRT" */ = {
			isa = XCConfigurationList;
			buildConfigurations = (
				CCCB0C0A175CC635007E5E10 /* Debug */,
				CCCB0C0B175CC635007E5E10 /* Release */,
			);
			defaultConfigurationIsVisible = 0;
		};
/* End XCConfigurationList section */
	};
	rootObject = CCCB0BD0175CC635007E5E10 /* Project object */;
}
